<?xml version="1.0" encoding="utf-8"?>
<Project ToolsVersion="4.0" xmlns="http://schemas.microsoft.com/developer/msbuild/2003">
  <ItemGroup>
    <Filter Include="Source Files">
      <UniqueIdentifier>{4FC737F1-C7A5-4376-A066-2A32D752A2FF}</UniqueIdentifier>
      <Extensions>cpp;c;cc;cxx;def;odl;idl;hpj;bat;asm;asmx</Extensions>
    </Filter>
    <Filter Include="Source Files\State">
      <UniqueIdentifier>{3f823b51-355d-47f2-a6d4-5e404f007e34}</UniqueIdentifier>
    </Filter>
    <Filter Include="Source Files\debug">
      <UniqueIdentifier>{2e50052e-c2db-4e88-b967-4c8467f3b642}</UniqueIdentifier>
    </Filter>
    <Filter Include="Source Files\System">
      <UniqueIdentifier>{76a79aa0-a845-4278-8abd-d1338207c785}</UniqueIdentifier>
    </Filter>
    <Filter Include="Source Files\System\Render Systems">
      <UniqueIdentifier>{9890b2aa-fbd0-4cbb-b84b-a42b27ffa2d5}</UniqueIdentifier>
    </Filter>
    <Filter Include="Source Files\GUI">
      <UniqueIdentifier>{b301a5c3-6e50-4b16-b2e3-c93911d09f4e}</UniqueIdentifier>
    </Filter>
    <Filter Include="Source Files\System\event">
      <UniqueIdentifier>{707354dc-046f-4f73-a4ee-d4bde35997ec}</UniqueIdentifier>
    </Filter>
    <Filter Include="Source Files\utility">
      <UniqueIdentifier>{c6b21113-33d0-4ad6-8aa0-fb8c9badfa3f}</UniqueIdentifier>
    </Filter>
    <Filter Include="Source Files\ThirdParty">
      <UniqueIdentifier>{72975266-d88d-4d60-8df8-c24f0fb206d3}</UniqueIdentifier>
    </Filter>
    <Filter Include="Source Files\System\ECS">
      <UniqueIdentifier>{b5ee4f06-e724-4d7c-b014-26c162400aa6}</UniqueIdentifier>
    </Filter>
    <Filter Include="Source Files\System\ECS\Components">
      <UniqueIdentifier>{d2948361-770f-49b9-bc36-5482d3b4a5e3}</UniqueIdentifier>
    </Filter>
    <Filter Include="Source Files\System\ECS\System">
      <UniqueIdentifier>{754bb8c1-1cfb-4ee7-8ddc-e056ba2ea352}</UniqueIdentifier>
    </Filter>
    <Filter Include="Source Files\Resources">
      <UniqueIdentifier>{4c9e085e-e684-4f03-aadf-1c16e1468ac0}</UniqueIdentifier>
    </Filter>
    <Filter Include="Source Files\WorldCreationTools">
      <UniqueIdentifier>{5f5563d2-719e-46ee-b49e-80101a6f43b7}</UniqueIdentifier>
    </Filter>
    <Filter Include="Source Files\ThirdParty\pathFinder">
      <UniqueIdentifier>{eb5e38fa-143f-4adc-9295-b2d3107aef1b}</UniqueIdentifier>
    </Filter>
    <Filter Include="Source Files\ThirdParty\tinyxml">
      <UniqueIdentifier>{b0ba3553-6512-4eb4-bd1b-da223779e3f5}</UniqueIdentifier>
    </Filter>
  </ItemGroup>
  <ItemGroup>
    <ClInclude Include="InputCommands.h">
      <Filter>Source Files</Filter>
    </ClInclude>
    <ClInclude Include="BaseState.h">
      <Filter>Source Files\State</Filter>
    </ClInclude>
    <ClInclude Include="Command.h">
      <Filter>Source Files\System\event</Filter>
    </ClInclude>
    <ClInclude Include="Debug.h">
      <Filter>Source Files\debug</Filter>
    </ClInclude>
    <ClInclude Include="DebugOverlay.h">
      <Filter>Source Files\debug</Filter>
    </ClInclude>
    <ClInclude Include="Engine.h">
      <Filter>Source Files\System</Filter>
    </ClInclude>
    <ClInclude Include="FontManager.h">
      <Filter>Source Files\System\Render Systems</Filter>
    </ClInclude>
    <ClInclude Include="Gui_Controller.h">
      <Filter>Source Files\GUI</Filter>
    </ClInclude>
    <ClInclude Include="GUIStyle.h">
      <Filter>Source Files\GUI</Filter>
    </ClInclude>
    <ClInclude Include="GUI_Element.h">
      <Filter>Source Files\GUI</Filter>
    </ClInclude>
    <ClInclude Include="GUI_Label.h">
      <Filter>Source Files\GUI</Filter>
    </ClInclude>
    <ClInclude Include="SharedContext.h">
      <Filter>Source Files\System</Filter>
    </ClInclude>
    <ClInclude Include="MessageHandler.h">
      <Filter>Source Files\System\event</Filter>
    </ClInclude>
    <ClInclude Include="StateManager.h">
      <Filter>Source Files\System</Filter>
    </ClInclude>
    <ClInclude Include="SystemWindow.h">
      <Filter>Source Files\System</Filter>
    </ClInclude>
    <ClInclude Include="TextLine.h">
      <Filter>Source Files\System\Render Systems</Filter>
    </ClInclude>
    <ClInclude Include="TraversableStack.h">
      <Filter>Source Files\utility</Filter>
    </ClInclude>
    <ClInclude Include="EntityManager.h">
      <Filter>Source Files\System\ECS</Filter>
    </ClInclude>
    <ClInclude Include="Component_Base.h">
      <Filter>Source Files\System\ECS</Filter>
    </ClInclude>
    <ClInclude Include="Component_Transform.h">
      <Filter>Source Files\System\ECS\Components</Filter>
    </ClInclude>
    <ClInclude Include="System_Base.h">
      <Filter>Source Files\System\ECS\System</Filter>
    </ClInclude>
    <ClInclude Include="System_Transform.h">
      <Filter>Source Files\System\ECS\System</Filter>
    </ClInclude>
    <ClInclude Include="Component_Animator.h">
      <Filter>Source Files\System\ECS\Components</Filter>
    </ClInclude>
    <ClInclude Include="SpriteManager.h">
      <Filter>Source Files\Resources</Filter>
    </ClInclude>
    <ClInclude Include="TextureManager.h">
      <Filter>Source Files\Resources</Filter>
    </ClInclude>
    <ClInclude Include="SpriteSheet.h">
      <Filter>Source Files\System\Render Systems</Filter>
    </ClInclude>
    <ClInclude Include="Frame.h">
      <Filter>Source Files\System\Render Systems</Filter>
    </ClInclude>
    <ClInclude Include="AnimationManager.h">
      <Filter>Source Files\Resources</Filter>
    </ClInclude>
    <ClInclude Include="TileMap.h">
      <Filter>Source Files\WorldCreationTools</Filter>
    </ClInclude>
    <ClInclude Include="thirdParty\PathFinder\AStar.h">
      <Filter>Source Files\ThirdParty\pathFinder</Filter>
    </ClInclude>
    <ClInclude Include="thirdParty\PathFinder\Dijkstra.h">
      <Filter>Source Files\ThirdParty\pathFinder</Filter>
    </ClInclude>
    <ClInclude Include="thirdParty\PathFinder\Node.h">
      <Filter>Source Files\ThirdParty\pathFinder</Filter>
    </ClInclude>
    <ClInclude Include="thirdParty\PathFinder\PathAlgorithm.h">
      <Filter>Source Files\ThirdParty\pathFinder</Filter>
    </ClInclude>
    <ClInclude Include="thirdParty\PathFinder\PathFinder.h">
      <Filter>Source Files\ThirdParty\pathFinder</Filter>
    </ClInclude>
    <ClInclude Include="thirdParty\TinyXML\tinyxml2.h">
      <Filter>Source Files\ThirdParty\tinyxml</Filter>
    </ClInclude>
    <ClInclude Include="Grid.h">
      <Filter>Source Files\WorldCreationTools</Filter>
    </ClInclude>
    <ClInclude Include="Tile.h">
      <Filter>Source Files\WorldCreationTools</Filter>
    </ClInclude>
    <ClInclude Include="TileSet.h" />
  </ItemGroup>
  <ItemGroup>
    <ClCompile Include="BaseState.cpp">
      <Filter>Source Files\State</Filter>
    </ClCompile>
    <ClCompile Include="Command.cpp">
      <Filter>Source Files\System\event</Filter>
    </ClCompile>
    <ClCompile Include="Debug.cpp">
      <Filter>Source Files\debug</Filter>
    </ClCompile>
    <ClCompile Include="DebugOverlay.cpp">
      <Filter>Source Files\debug</Filter>
    </ClCompile>
    <ClCompile Include="Engine.cpp">
      <Filter>Source Files\System</Filter>
    </ClCompile>
    <ClCompile Include="FontManager.cpp">
      <Filter>Source Files\System\Render Systems</Filter>
    </ClCompile>
    <ClCompile Include="Gui_Controller.cpp">
      <Filter>Source Files\GUI</Filter>
    </ClCompile>
    <ClCompile Include="GUI_Element.cpp">
      <Filter>Source Files\GUI</Filter>
    </ClCompile>
    <ClCompile Include="GUI_Label.cpp">
      <Filter>Source Files\GUI</Filter>
    </ClCompile>
    <ClCompile Include="GUIStyle.cpp">
      <Filter>Source Files\GUI</Filter>
    </ClCompile>
    <ClCompile Include="SharedContext.cpp">
      <Filter>Source Files\System</Filter>
    </ClCompile>
    <ClCompile Include="MessageHandler.cpp">
      <Filter>Source Files\System\event</Filter>
    </ClCompile>
    <ClCompile Include="StateManager.cpp">
      <Filter>Source Files\System</Filter>
    </ClCompile>
    <ClCompile Include="SystemWindow.cpp">
      <Filter>Source Files\System</Filter>
    </ClCompile>
    <ClCompile Include="TextLine.cpp">
      <Filter>Source Files\System\Render Systems</Filter>
    </ClCompile>
    <ClCompile Include="TraversableStack.cpp">
      <Filter>Source Files\utility</Filter>
    </ClCompile>
    <ClCompile Include="EntityManager.cpp">
      <Filter>Source Files\System\ECS</Filter>
    </ClCompile>
    <ClCompile Include="Component_Base.cpp">
      <Filter>Source Files\System\ECS</Filter>
    </ClCompile>
    <ClCompile Include="Component_Transform.cpp">
      <Filter>Source Files\System\ECS\Components</Filter>
    </ClCompile>
    <ClCompile Include="System_Base.cpp">
      <Filter>Source Files\System\ECS\System</Filter>
    </ClCompile>
    <ClCompile Include="System_Transform.cpp">
      <Filter>Source Files\System\ECS\System</Filter>
    </ClCompile>
    <ClCompile Include="Component_Animator.cpp">
      <Filter>Source Files\System\ECS\Components</Filter>
    </ClCompile>
    <ClCompile Include="SpriteManager.cpp">
      <Filter>Source Files\Resources</Filter>
    </ClCompile>
    <ClCompile Include="TextureManager.cpp">
      <Filter>Source Files\Resources</Filter>
    </ClCompile>
    <ClCompile Include="SpriteSheet.cpp">
      <Filter>Source Files\System\Render Systems</Filter>
    </ClCompile>
    <ClCompile Include="Frame.cpp">
      <Filter>Source Files\System\Render Systems</Filter>
    </ClCompile>
    <ClCompile Include="AnimationManager.cpp">
      <Filter>Source Files\Resources</Filter>
    </ClCompile>
    <ClCompile Include="TileMap.cpp">
      <Filter>Source Files\WorldCreationTools</Filter>
    </ClCompile>
    <ClCompile Include="thirdParty\PathFinder\Dijkstra.cpp">
      <Filter>Source Files\ThirdParty\pathFinder</Filter>
    </ClCompile>
    <ClCompile Include="thirdParty\PathFinder\Node.cpp">
      <Filter>Source Files\ThirdParty\pathFinder</Filter>
    </ClCompile>
    <ClCompile Include="thirdParty\PathFinder\AStar.cpp">
      <Filter>Source Files\ThirdParty\pathFinder</Filter>
    </ClCompile>
    <ClCompile Include="thirdParty\TinyXML\tinyxml2.cpp">
      <Filter>Source Files\ThirdParty\tinyxml</Filter>
    </ClCompile>
    <ClCompile Include="Grid.cpp">
      <Filter>Source Files\WorldCreationTools</Filter>
    </ClCompile>
    <ClCompile Include="Tile.cpp">
      <Filter>Source Files\WorldCreationTools</Filter>
    </ClCompile>
    <ClCompile Include="TileSet.cpp">
      <Filter>Source Files</Filter>
    </ClCompile>
  </ItemGroup>
</Project>